
Microsoft Visual Studio Solution File, Format Version 12.00
# Visual Studio Version 17
VisualStudioVersion = 17.9.34728.123
MinimumVisualStudioVersion = 10.0.40219.1
Project("{FAE04EC0-301F-11D3-BF4B-00C04F79EFBC}") = "WebGlInWebAssembly", "WebGlInWebAssembly\WebGlInWebAssembly.csproj", "{2A0D0D9A-8A93-4668-99E8-81BCA09F7EAF}"
EndProject
Global
	GlobalSection(SolutionConfigurationPlatforms) = preSolution
		Debug|Any CPU = Debug|Any CPU
		Release|Any CPU = Release|Any CPU
	EndGlobalSection
	GlobalSection(ProjectConfigurationPlatforms) = postSolution
		{2A0D0D9A-8A93-4668-99E8-81BCA09F7EAF}.Debug|Any CPU.ActiveCfg = Debug|Any CPU
		{2A0D0D9A-8A93-4668-99E8-81BCA09F7EAF}.Debug|Any CPU.Build.0 = Debug|Any CPU
		{2A0D0D9A-8A93-4668-99E8-81BCA09F7EAF}.Release|Any CPU.ActiveCfg = Release|Any CPU
		{2A0D0D9A-8A93-4668-99E8-81BCA09F7EAF}.Release|Any CPU.Build.0 = Release|Any CPU
	EndGlobalSection
	GlobalSection(SolutionProperties) = preSolution
		HideSolutionNode = FALSE
	EndGlobalSection
	GlobalSection(ExtensibilityGlobals) = postSolution
		SolutionGuid = {5AB190FA-5ADC-450F-8249-C09A2A9F3CDD}
	EndGlobalSection
EndGlobal
